
Microsoft Visual Studio Solution File, Format Version 12.00
# Visual Studio Version 16
VisualStudioVersion = 16.0.31005.135
MinimumVisualStudioVersion = 10.0.40219.1
Project("{9A19103F-16F7-4668-BE54-9A1E7A4F7556}") = "DesafioFramework", "DesafioFramework\DesafioFramework.csproj", "{D44423F7-FD20-437A-8111-15CFC30A99FB}"
EndProject
Project("{FAE04EC0-301F-11D3-BF4B-00C04F79EFBC}") = "DesafioFrameworkTest", "DesafioFrameworkTest\DesafioFrameworkTest.csproj", "{C4AF1072-E1E2-42C4-873A-4E76ABC72D98}"
EndProject
Global
	GlobalSection(SolutionConfigurationPlatforms) = preSolution
		Debug|Any CPU = Debug|Any CPU
		Release|Any CPU = Release|Any CPU
	EndGlobalSection
	GlobalSection(ProjectConfigurationPlatforms) = postSolution
		{D44423F7-FD20-437A-8111-15CFC30A99FB}.Debug|Any CPU.ActiveCfg = Debug|Any CPU
		{D44423F7-FD20-437A-8111-15CFC30A99FB}.Debug|Any CPU.Build.0 = Debug|Any CPU
		{D44423F7-FD20-437A-8111-15CFC30A99FB}.Release|Any CPU.ActiveCfg = Release|Any CPU
		{D44423F7-FD20-437A-8111-15CFC30A99FB}.Release|Any CPU.Build.0 = Release|Any CPU
		{C4AF1072-E1E2-42C4-873A-4E76ABC72D98}.Debug|Any CPU.ActiveCfg = Debug|Any CPU
		{C4AF1072-E1E2-42C4-873A-4E76ABC72D98}.Debug|Any CPU.Build.0 = Debug|Any CPU
		{C4AF1072-E1E2-42C4-873A-4E76ABC72D98}.Release|Any CPU.ActiveCfg = Release|Any CPU
		{C4AF1072-E1E2-42C4-873A-4E76ABC72D98}.Release|Any CPU.Build.0 = Release|Any CPU
	EndGlobalSection
	GlobalSection(SolutionProperties) = preSolution
		HideSolutionNode = FALSE
	EndGlobalSection
	GlobalSection(ExtensibilityGlobals) = postSolution
		SolutionGuid = {8FB4A551-96FF-45C3-B00B-EC20F7700463}
	EndGlobalSection
EndGlobal
